{
  "name": "dummy-consumer",
  "version": "1.0.0",
  "lockfileVersion": 3,
  "requires": true,
  "packages": {
    "": {
      "name": "dummy-consumer",
      "version": "1.0.0",
      "dependencies": {
        "@myorg/dummy-lib": "^1.0.0"
      }
    },
    "node_modules/@myorg/dummy-lib": {
      "version": "1.0.0",
      "resolved": "http://localhost:4873/@myorg/dummy-lib/-/dummy-lib-1.0.0.tgz",
      "integrity": "sha512-kBhkPVLl7+9+HQnWsZbJwTBfhaS6WOHI/4AL0SIQck56i3STdTxPYVSl0NE6E8nzixRYfrlfExOG4X0pb6+WZw==",
      "license": "MIT"
    }
  }
}
